
Microsoft Visual Studio Solution File, Format Version 12.00
# Visual Studio Version 17
VisualStudioVersion = 17.14.36414.22
MinimumVisualStudioVersion = 10.0.40219.1
Project("{FAE04EC0-301F-11D3-BF4B-00C04F79EFBC}") = "AppserviceAPI", "AppserviceAPI\AppserviceAPI.csproj", "{800BE454-19F5-77E1-8C6E-2418D452C9DD}"
EndProject
Global
	GlobalSection(SolutionConfigurationPlatforms) = preSolution
		Debug|Any CPU = Debug|Any CPU
		Release|Any CPU = Release|Any CPU
	EndGlobalSection
	GlobalSection(ProjectConfigurationPlatforms) = postSolution
		{800BE454-19F5-77E1-8C6E-2418D452C9DD}.Debug|Any CPU.ActiveCfg = Debug|Any CPU
		{800BE454-19F5-77E1-8C6E-2418D452C9DD}.Debug|Any CPU.Build.0 = Debug|Any CPU
		{800BE454-19F5-77E1-8C6E-2418D452C9DD}.Release|Any CPU.ActiveCfg = Release|Any CPU
		{800BE454-19F5-77E1-8C6E-2418D452C9DD}.Release|Any CPU.Build.0 = Release|Any CPU
	EndGlobalSection
	GlobalSection(SolutionProperties) = preSolution
		HideSolutionNode = FALSE
	EndGlobalSection
	GlobalSection(ExtensibilityGlobals) = postSolution
		SolutionGuid = {614A5B98-8CBF-41CA-BC34-2A83BCBEA7D4}
	EndGlobalSection
EndGlobal
